// !$*UTF8*$!
{
	archiveVersion = 1;
	classes = {
	};
	objectVersion = 50;
	objects = {

/* Begin PBXBuildFile section */
		CB4EEA72236900D90026D53D /* PhotoStruct.swift in Sources */ = {isa = PBXBuildFile; fileRef = CB4EEA71236900D90026D53D /* PhotoStruct.swift */; };
		CB4EEA77236900EE0026D53D /* ImagesCollectionVC.swift in Sources */ = {isa = PBXBuildFile; fileRef = CB4EEA73236900ED0026D53D /* ImagesCollectionVC.swift */; };
		CB4EEA78236900EE0026D53D /* ImageCollectionViewCell.swift in Sources */ = {isa = PBXBuildFile; fileRef = CB4EEA74236900ED0026D53D /* ImageCollectionViewCell.swift */; };
		CB4EEA79236900EE0026D53D /* MapVC.swift in Sources */ = {isa = PBXBuildFile; fileRef = CB4EEA75236900ED0026D53D /* MapVC.swift */; };
		CB4EEA7A236900EE0026D53D /* LocationsListVC.swift in Sources */ = {isa = PBXBuildFile; fileRef = CB4EEA76236900EE0026D53D /* LocationsListVC.swift */; };
		CB4EEA7F236901040026D53D /* Secrets.swift in Sources */ = {isa = PBXBuildFile; fileRef = CB4EEA7C236901040026D53D /* Secrets.swift */; };
		CB4EEA80236901040026D53D /* FlickrClient.swift in Sources */ = {isa = PBXBuildFile; fileRef = CB4EEA7D236901040026D53D /* FlickrClient.swift */; };
		CB4EEA81236901040026D53D /* FlickrResponse.swift in Sources */ = {isa = PBXBuildFile; fileRef = CB4EEA7E236901040026D53D /* FlickrResponse.swift */; };
		CB4EEA8E236901930026D53D /* Assets.xcassets in Resources */ = {isa = PBXBuildFile; fileRef = CB4EEA8B236901930026D53D /* Assets.xcassets */; };
		CB4EEA8F236901930026D53D /* Main.storyboard in Resources */ = {isa = PBXBuildFile; fileRef = CB4EEA8C236901930026D53D /* Main.storyboard */; };
		CB4EEA90236901930026D53D /* LaunchScreen.storyboard in Resources */ = {isa = PBXBuildFile; fileRef = CB4EEA8D236901930026D53D /* LaunchScreen.storyboard */; };
		CBDA618B2367CB0D00CC2393 /* AppDelegate.swift in Sources */ = {isa = PBXBuildFile; fileRef = CBDA618A2367CB0D00CC2393 /* AppDelegate.swift */; };
		CBDA618D2367CB0D00CC2393 /* SceneDelegate.swift in Sources */ = {isa = PBXBuildFile; fileRef = CBDA618C2367CB0D00CC2393 /* SceneDelegate.swift */; };
/* End PBXBuildFile section */

/* Begin PBXFileReference section */
		CB4EEA71236900D90026D53D /* PhotoStruct.swift */ = {isa = PBXFileReference; fileEncoding = 4; lastKnownFileType = sourcecode.swift; path = PhotoStruct.swift; sourceTree = "<group>"; };
		CB4EEA73236900ED0026D53D /* ImagesCollectionVC.swift */ = {isa = PBXFileReference; fileEncoding = 4; lastKnownFileType = sourcecode.swift; path = ImagesCollectionVC.swift; sourceTree = "<group>"; };
		CB4EEA74236900ED0026D53D /* ImageCollectionViewCell.swift */ = {isa = PBXFileReference; fileEncoding = 4; lastKnownFileType = sourcecode.swift; path = ImageCollectionViewCell.swift; sourceTree = "<group>"; };
		CB4EEA75236900ED0026D53D /* MapVC.swift */ = {isa = PBXFileReference; fileEncoding = 4; lastKnownFileType = sourcecode.swift; path = MapVC.swift; sourceTree = "<group>"; };
		CB4EEA76236900EE0026D53D /* LocationsListVC.swift */ = {isa = PBXFileReference; fileEncoding = 4; lastKnownFileType = sourcecode.swift; path = LocationsListVC.swift; sourceTree = "<group>"; };
		CB4EEA7C236901040026D53D /* Secrets.swift */ = {isa = PBXFileReference; fileEncoding = 4; lastKnownFileType = sourcecode.swift; path = Secrets.swift; sourceTree = "<group>"; };
		CB4EEA7D236901040026D53D /* FlickrClient.swift */ = {isa = PBXFileReference; fileEncoding = 4; lastKnownFileType = sourcecode.swift; path = FlickrClient.swift; sourceTree = "<group>"; };
		CB4EEA7E236901040026D53D /* FlickrResponse.swift */ = {isa = PBXFileReference; fileEncoding = 4; lastKnownFileType = sourcecode.swift; path = FlickrResponse.swift; sourceTree = "<group>"; };
		CB4EEA8B236901930026D53D /* Assets.xcassets */ = {isa = PBXFileReference; lastKnownFileType = folder.assetcatalog; path = Assets.xcassets; sourceTree = "<group>"; };
		CB4EEA8C236901930026D53D /* Main.storyboard */ = {isa = PBXFileReference; fileEncoding = 4; lastKnownFileType = file.storyboard; path = Main.storyboard; sourceTree = "<group>"; };
		CB4EEA8D236901930026D53D /* LaunchScreen.storyboard */ = {isa = PBXFileReference; fileEncoding = 4; lastKnownFileType = file.storyboard; path = LaunchScreen.storyboard; sourceTree = "<group>"; };
		CBDA61872367CB0D00CC2393 /* Virtual Tourist.app */ = {isa = PBXFileReference; explicitFileType = wrapper.application; includeInIndex = 0; path = "Virtual Tourist.app"; sourceTree = BUILT_PRODUCTS_DIR; };
		CBDA618A2367CB0D00CC2393 /* AppDelegate.swift */ = {isa = PBXFileReference; lastKnownFileType = sourcecode.swift; path = AppDelegate.swift; sourceTree = "<group>"; };
		CBDA618C2367CB0D00CC2393 /* SceneDelegate.swift */ = {isa = PBXFileReference; lastKnownFileType = sourcecode.swift; path = SceneDelegate.swift; sourceTree = "<group>"; };
		CBDA61982367CB1200CC2393 /* Info.plist */ = {isa = PBXFileReference; lastKnownFileType = text.plist.xml; path = Info.plist; sourceTree = "<group>"; };
/* End PBXFileReference section */

/* Begin PBXFrameworksBuildPhase section */
		CBDA61842367CB0D00CC2393 /* Frameworks */ = {
			isa = PBXFrameworksBuildPhase;
			buildActionMask = 2147483647;
			files = (
			);
			runOnlyForDeploymentPostprocessing = 0;
		};
/* End PBXFrameworksBuildPhase section */

/* Begin PBXGroup section */
		CB4EEA70236900D20026D53D /* Model */ = {
			isa = PBXGroup;
			children = (
				CB4EEA71236900D90026D53D /* PhotoStruct.swift */,
			);
			path = Model;
			sourceTree = "<group>";
		};
		CB4EEA7B236900F90026D53D /* Networking */ = {
			isa = PBXGroup;
			children = (
				CB4EEA7D236901040026D53D /* FlickrClient.swift */,
				CB4EEA7E236901040026D53D /* FlickrResponse.swift */,
				CB4EEA7C236901040026D53D /* Secrets.swift */,
			);
			path = Networking;
			sourceTree = "<group>";
		};
		CBDA617E2367CB0D00CC2393 = {
			isa = PBXGroup;
			children = (
				CBDA61892367CB0D00CC2393 /* Virtual Tourist */,
				CBDA61882367CB0D00CC2393 /* Products */,
			);
			sourceTree = "<group>";
		};
		CBDA61882367CB0D00CC2393 /* Products */ = {
			isa = PBXGroup;
			children = (
				CBDA61872367CB0D00CC2393 /* Virtual Tourist.app */,
			);
			name = Products;
			sourceTree = "<group>";
		};
		CBDA61892367CB0D00CC2393 /* Virtual Tourist */ = {
			isa = PBXGroup;
			children = (
				CB4EEA70236900D20026D53D /* Model */,
				CBDA618A2367CB0D00CC2393 /* AppDelegate.swift */,
				CBDA618C2367CB0D00CC2393 /* SceneDelegate.swift */,
				CBDA61A52367D2D100CC2393 /* Assets */,
				CBDA61A22367CECF00CC2393 /* Controllers */,
				CB4EEA7B236900F90026D53D /* Networking */,
				CBDA61982367CB1200CC2393 /* Info.plist */,
			);
			path = "Virtual Tourist";
			sourceTree = "<group>";
		};
		CBDA61A22367CECF00CC2393 /* Controllers */ = {
			isa = PBXGroup;
			children = (
				CB4EEA74236900ED0026D53D /* ImageCollectionViewCell.swift */,
				CB4EEA73236900ED0026D53D /* ImagesCollectionVC.swift */,
				CB4EEA76236900EE0026D53D /* LocationsListVC.swift */,
				CB4EEA75236900ED0026D53D /* MapVC.swift */,
			);
			path = Controllers;
			sourceTree = "<group>";
		};
		CBDA61A52367D2D100CC2393 /* Assets */ = {
			isa = PBXGroup;
			children = (
				CB4EEA8B236901930026D53D /* Assets.xcassets */,
				CB4EEA8D236901930026D53D /* LaunchScreen.storyboard */,
				CB4EEA8C236901930026D53D /* Main.storyboard */,
			);
			path = Assets;
			sourceTree = "<group>";
		};
/* End PBXGroup section */

/* Begin PBXNativeTarget section */
		CBDA61862367CB0D00CC2393 /* Virtual Tourist */ = {
			isa = PBXNativeTarget;
			buildConfigurationList = CBDA619B2367CB1200CC2393 /* Build configuration list for PBXNativeTarget "Virtual Tourist" */;
			buildPhases = (
				CBDA61832367CB0D00CC2393 /* Sources */,
				CBDA61842367CB0D00CC2393 /* Frameworks */,
				CBDA61852367CB0D00CC2393 /* Resources */,
			);
			buildRules = (
			);
			dependencies = (
			);
			name = "Virtual Tourist";
			productName = "Virtual Tourist";
			productReference = CBDA61872367CB0D00CC2393 /* Virtual Tourist.app */;
			productType = "com.apple.product-type.application";
		};
/* End PBXNativeTarget section */

/* Begin PBXProject section */
		CBDA617F2367CB0D00CC2393 /* Project object */ = {
			isa = PBXProject;
			attributes = {
				LastSwiftUpdateCheck = 1110;
				LastUpgradeCheck = 1110;
				ORGANIZATIONNAME = PALIY;
				TargetAttributes = {
					CBDA61862367CB0D00CC2393 = {
						CreatedOnToolsVersion = 11.1;
					};
				};
			};
			buildConfigurationList = CBDA61822367CB0D00CC2393 /* Build configuration list for PBXProject "Virtual Tourist" */;
			compatibilityVersion = "Xcode 9.3";
			developmentRegion = en;
			hasScannedForEncodings = 0;
			knownRegions = (
				en,
				Base,
			);
			mainGroup = CBDA617E2367CB0D00CC2393;
			productRefGroup = CBDA61882367CB0D00CC2393 /* Products */;
			projectDirPath = "";
			projectRoot = "";
			targets = (
				CBDA61862367CB0D00CC2393 /* Virtual Tourist */,
			);
		};
/* End PBXProject section */

/* Begin PBXResourcesBuildPhase section */
		CBDA61852367CB0D00CC2393 /* Resources */ = {
			isa = PBXResourcesBuildPhase;
			buildActionMask = 2147483647;
			files = (
				CB4EEA90236901930026D53D /* LaunchScreen.storyboard in Resources */,
				CB4EEA8E236901930026D53D /* Assets.xcassets in Resources */,
				CB4EEA8F236901930026D53D /* Main.storyboard in Resources */,
			);
			runOnlyForDeploymentPostprocessing = 0;
		};
/* End PBXResourcesBuildPhase section */

/* Begin PBXSourcesBuildPhase section */
		CBDA61832367CB0D00CC2393 /* Sources */ = {
			isa = PBXSourcesBuildPhase;
			buildActionMask = 2147483647;
			files = (
				CB4EEA72236900D90026D53D /* PhotoStruct.swift in Sources */,
				CB4EEA7F236901040026D53D /* Secrets.swift in Sources */,
				CB4EEA78236900EE0026D53D /* ImageCollectionViewCell.swift in Sources */,
				CB4EEA81236901040026D53D /* FlickrResponse.swift in Sources */,
				CBDA618B2367CB0D00CC2393 /* AppDelegate.swift in Sources */,
				CB4EEA7A236900EE0026D53D /* LocationsListVC.swift in Sources */,
				CB4EEA79236900EE0026D53D /* MapVC.swift in Sources */,
				CB4EEA80236901040026D53D /* FlickrClient.swift in Sources */,
				CB4EEA77236900EE0026D53D /* ImagesCollectionVC.swift in Sources */,
				CBDA618D2367CB0D00CC2393 /* SceneDelegate.swift in Sources */,
			);
			runOnlyForDeploymentPostprocessing = 0;
		};
/* End PBXSourcesBuildPhase section */

/* Begin XCBuildConfiguration section */
		CBDA61992367CB1200CC2393 /* Debug */ = {
			isa = XCBuildConfiguration;
			buildSettings = {
				ALWAYS_SEARCH_USER_PATHS = NO;
				CLANG_ANALYZER_NONNULL = YES;
				CLANG_ANALYZER_NUMBER_OBJECT_CONVERSION = YES_AGGRESSIVE;
				CLANG_CXX_LANGUAGE_STANDARD = "gnu++14";
				CLANG_CXX_LIBRARY = "libc++";
				CLANG_ENABLE_MODULES = YES;
				CLANG_ENABLE_OBJC_ARC = YES;
				CLANG_ENABLE_OBJC_WEAK = YES;
				CLANG_WARN_BLOCK_CAPTURE_AUTORELEASING = YES;
				CLANG_WARN_BOOL_CONVERSION = YES;
				CLANG_WARN_COMMA = YES;
				CLANG_WARN_CONSTANT_CONVERSION = YES;
				CLANG_WARN_DEPRECATED_OBJC_IMPLEMENTATIONS = YES;
				CLANG_WARN_DIRECT_OBJC_ISA_USAGE = YES_ERROR;
				CLANG_WARN_DOCUMENTATION_COMMENTS = YES;
				CLANG_WARN_EMPTY_BODY = YES;
				CLANG_WARN_ENUM_CONVERSION = YES;
				CLANG_WARN_INFINITE_RECURSION = YES;
				CLANG_WARN_INT_CONVERSION = YES;
				CLANG_WARN_NON_LITERAL_NULL_CONVERSION = YES;
				CLANG_WARN_OBJC_IMPLICIT_RETAIN_SELF = YES;
				CLANG_WARN_OBJC_LITERAL_CONVERSION = YES;
				CLANG_WARN_OBJC_ROOT_CLASS = YES_ERROR;
				CLANG_WARN_RANGE_LOOP_ANALYSIS = YES;
				CLANG_WARN_STRICT_PROTOTYPES = YES;
				CLANG_WARN_SUSPICIOUS_MOVE = YES;
				CLANG_WARN_UNGUARDED_AVAILABILITY = YES_AGGRESSIVE;
				CLANG_WARN_UNREACHABLE_CODE = YES;
				CLANG_WARN__DUPLICATE_METHOD_MATCH = YES;
				COPY_PHASE_STRIP = NO;
				DEBUG_INFORMATION_FORMAT = dwarf;
				ENABLE_STRICT_OBJC_MSGSEND = YES;
				ENABLE_TESTABILITY = YES;
				GCC_C_LANGUAGE_STANDARD = gnu11;
				GCC_DYNAMIC_NO_PIC = NO;
				GCC_NO_COMMON_BLOCKS = YES;
				GCC_OPTIMIZATION_LEVEL = 0;
				GCC_PREPROCESSOR_DEFINITIONS = (
					"DEBUG=1",
					"$(inherited)",
				);
				GCC_WARN_64_TO_32_BIT_CONVERSION = YES;
				GCC_WARN_ABOUT_RETURN_TYPE = YES_ERROR;
				GCC_WARN_UNDECLARED_SELECTOR = YES;
				GCC_WARN_UNINITIALIZED_AUTOS = YES_AGGRESSIVE;
				GCC_WARN_UNUSED_FUNCTION = YES;
				GCC_WARN_UNUSED_VARIABLE = YES;
				IPHONEOS_DEPLOYMENT_TARGET = 13.1;
				MTL_ENABLE_DEBUG_INFO = INCLUDE_SOURCE;
				MTL_FAST_MATH = YES;
				ONLY_ACTIVE_ARCH = YES;
				SDKROOT = iphoneos;
				SWIFT_ACTIVE_COMPILATION_CONDITIONS = DEBUG;
				SWIFT_OPTIMIZATION_LEVEL = "-Onone";
			};
			name = Debug;
		};
		CBDA619A2367CB1200CC2393 /* Release */ = {
			isa = XCBuildConfiguration;
			buildSettings = {
				ALWAYS_SEARCH_USER_PATHS = NO;
				CLANG_ANALYZER_NONNULL = YES;
				CLANG_ANALYZER_NUMBER_OBJECT_CONVERSION = YES_AGGRESSIVE;
				CLANG_CXX_LANGUAGE_STANDARD = "gnu++14";
				CLANG_CXX_LIBRARY = "libc++";
				CLANG_ENABLE_MODULES = YES;
				CLANG_ENABLE_OBJC_ARC = YES;
				CLANG_ENABLE_OBJC_WEAK = YES;
				CLANG_WARN_BLOCK_CAPTURE_AUTORELEASING = YES;
				CLANG_WARN_BOOL_CONVERSION = YES;
				CLANG_WARN_COMMA = YES;
				CLANG_WARN_CONSTANT_CONVERSION = YES;
				CLANG_WARN_DEPRECATED_OBJC_IMPLEMENTATIONS = YES;
				CLANG_WARN_DIRECT_OBJC_ISA_USAGE = YES_ERROR;
				CLANG_WARN_DOCUMENTATION_COMMENTS = YES;
				CLANG_WARN_EMPTY_BODY = YES;
				CLANG_WARN_ENUM_CONVERSION = YES;
				CLANG_WARN_INFINITE_RECURSION = YES;
				CLANG_WARN_INT_CONVERSION = YES;
				CLANG_WARN_NON_LITERAL_NULL_CONVERSION = YES;
				CLANG_WARN_OBJC_IMPLICIT_RETAIN_SELF = YES;
				CLANG_WARN_OBJC_LITERAL_CONVERSION = YES;
				CLANG_WARN_OBJC_ROOT_CLASS = YES_ERROR;
				CLANG_WARN_RANGE_LOOP_ANALYSIS = YES;
				CLANG_WARN_STRICT_PROTOTYPES = YES;
				CLANG_WARN_SUSPICIOUS_MOVE = YES;
				CLANG_WARN_UNGUARDED_AVAILABILITY = YES_AGGRESSIVE;
				CLANG_WARN_UNREACHABLE_CODE = YES;
				CLANG_WARN__DUPLICATE_METHOD_MATCH = YES;
				COPY_PHASE_STRIP = NO;
				DEBUG_INFORMATION_FORMAT = "dwarf-with-dsym";
				ENABLE_NS_ASSERTIONS = NO;
				ENABLE_STRICT_OBJC_MSGSEND = YES;
				GCC_C_LANGUAGE_STANDARD = gnu11;
				GCC_NO_COMMON_BLOCKS = YES;
				GCC_WARN_64_TO_32_BIT_CONVERSION = YES;
				GCC_WARN_ABOUT_RETURN_TYPE = YES_ERROR;
				GCC_WARN_UNDECLARED_SELECTOR = YES;
				GCC_WARN_UNINITIALIZED_AUTOS = YES_AGGRESSIVE;
				GCC_WARN_UNUSED_FUNCTION = YES;
				GCC_WARN_UNUSED_VARIABLE = YES;
				IPHONEOS_DEPLOYMENT_TARGET = 13.1;
				MTL_ENABLE_DEBUG_INFO = NO;
				MTL_FAST_MATH = YES;
				SDKROOT = iphoneos;
				SWIFT_COMPILATION_MODE = wholemodule;
				SWIFT_OPTIMIZATION_LEVEL = "-O";
				VALIDATE_PRODUCT = YES;
			};
			name = Release;
		};
		CBDA619C2367CB1200CC2393 /* Debug */ = {
			isa = XCBuildConfiguration;
			buildSettings = {
				ASSETCATALOG_COMPILER_APPICON_NAME = AppIcon;
				CODE_SIGN_STYLE = Automatic;
				DEVELOPMENT_TEAM = X55KGS25BS;
				INFOPLIST_FILE = "Virtual Tourist/Info.plist";
				LD_RUNPATH_SEARCH_PATHS = (
					"$(inherited)",
					"@executable_path/Frameworks",
				);
				PRODUCT_BUNDLE_IDENTIFIER = "com.VitaliyPaliy.Virtual-Tourist";
				PRODUCT_NAME = "$(TARGET_NAME)";
				SWIFT_VERSION = 5.0;
				TARGETED_DEVICE_FAMILY = "1,2";
			};
			name = Debug;
		};
		CBDA619D2367CB1200CC2393 /* Release */ = {
			isa = XCBuildConfiguration;
			buildSettings = {
				ASSETCATALOG_COMPILER_APPICON_NAME = AppIcon;
				CODE_SIGN_STYLE = Automatic;
				DEVELOPMENT_TEAM = X55KGS25BS;
				INFOPLIST_FILE = "Virtual Tourist/Info.plist";
				LD_RUNPATH_SEARCH_PATHS = (
					"$(inherited)",
					"@executable_path/Frameworks",
				);
				PRODUCT_BUNDLE_IDENTIFIER = "com.VitaliyPaliy.Virtual-Tourist";
				PRODUCT_NAME = "$(TARGET_NAME)";
				SWIFT_VERSION = 5.0;
				TARGETED_DEVICE_FAMILY = "1,2";
			};
			name = Release;
		};
/* End XCBuildConfiguration section */

/* Begin XCConfigurationList section */
		CBDA61822367CB0D00CC2393 /* Build configuration list for PBXProject "Virtual Tourist" */ = {
			isa = XCConfigurationList;
			buildConfigurations = (
				CBDA61992367CB1200CC2393 /* Debug */,
				CBDA619A2367CB1200CC2393 /* Release */,
			);
			defaultConfigurationIsVisible = 0;
			defaultConfigurationName = Release;
		};
		CBDA619B2367CB1200CC2393 /* Build configuration list for PBXNativeTarget "Virtual Tourist" */ = {
			isa = XCConfigurationList;
			buildConfigurations = (
				CBDA619C2367CB1200CC2393 /* Debug */,
				CBDA619D2367CB1200CC2393 /* Release */,
			);
			defaultConfigurationIsVisible = 0;
			defaultConfigurationName = Release;
		};
/* End XCConfigurationList section */
	};
	rootObject = CBDA617F2367CB0D00CC2393 /* Project object */;
}
